<?xml version="1.0" encoding="utf-8"?>
<Project ToolsVersion="4.0" xmlns="http://schemas.microsoft.com/developer/msbuild/2003">
  <ItemGroup>
    <Filter Include="Source Files">
      <UniqueIdentifier>{d24c45f8-06d9-4642-8e2d-48823b758fd2}</UniqueIdentifier>
      <Extensions>cpp;c;cxx;rc;def;r;odl;idl;hpj;bat</Extensions>
    </Filter>
    <Filter Include="Header Files">
      <UniqueIdentifier>{affad2d2-c23d-4652-81da-cd76a32cf848}</UniqueIdentifier>
      <Extensions>h;hpp;hxx;hm;inl</Extensions>
    </Filter>
    <Filter Include="Resource Files">
      <UniqueIdentifier>{efe36382-c122-421b-8a27-f40b86654666}</UniqueIdentifier>
      <Extensions>ico;cur;bmp;dlg;rc2;rct;bin;rgs;gif;jpg;jpeg;jpe</Extensions>
    </Filter>
  </ItemGroup>
  <ItemGroup>
    <ClCompile Include="jidctflt.c">
      <Filter>Source Files</Filter>
    </ClCompile>
    <ClCompile Include="loadjpeg.c">
      <Filter>Source Files</Filter>
    </ClCompile>
    <ClCompile Include="tinyjpeg.c">
      <Filter>Source Files</Filter>
    </ClCompile>
  </ItemGroup>
  <ItemGroup>
    <ClInclude Include="stdint.h">
      <Filter>Header Files</Filter>
    </ClInclude>
    <ClInclude Include="tinyjpeg-internal.h">
      <Filter>Header Files</Filter>
    </ClInclude>
    <ClInclude Include="tinyjpeg.h">
      <Filter>Header Files</Filter>
    </ClInclude>
  </ItemGroup>
</Project>